
Microsoft Visual Studio Solution File, Format Version 12.00
# Visual Studio Version 16
VisualStudioVersion = 16.0.30114.105
MinimumVisualStudioVersion = 10.0.40219.1
Project("{FAE04EC0-301F-11D3-BF4B-00C04F79EFBC}") = "Monads", "Monads\Monads.csproj", "{EC3CB005-B4FD-4392-A8AC-1306684C5DBF}"
EndProject
Global
	GlobalSection(SolutionConfigurationPlatforms) = preSolution
		Debug|Any CPU = Debug|Any CPU
		Release|Any CPU = Release|Any CPU
	EndGlobalSection
	GlobalSection(SolutionProperties) = preSolution
		HideSolutionNode = FALSE
	EndGlobalSection
	GlobalSection(ProjectConfigurationPlatforms) = postSolution
		{EC3CB005-B4FD-4392-A8AC-1306684C5DBF}.Debug|Any CPU.ActiveCfg = Debug|Any CPU
		{EC3CB005-B4FD-4392-A8AC-1306684C5DBF}.Debug|Any CPU.Build.0 = Debug|Any CPU
		{EC3CB005-B4FD-4392-A8AC-1306684C5DBF}.Release|Any CPU.ActiveCfg = Release|Any CPU
		{EC3CB005-B4FD-4392-A8AC-1306684C5DBF}.Release|Any CPU.Build.0 = Release|Any CPU
	EndGlobalSection
EndGlobal
